# This file is automatically @generated by Cargo.
# It is not intended for manual editing.
version = 3

[[package]]
name = "capnp"
version = "0.20.3"
source = "registry+https://github.com/rust-lang/crates.io-index"
checksum = "bce4e2d41c16cf9188f47ca4d59fdcdca1f33705af211bdb41f0afbd3442f8b5"
dependencies = [
 "embedded-io",
]

[[package]]
name = "capnpc"
version = "0.20.1"
source = "registry+https://github.com/rust-lang/crates.io-index"
checksum = "1aa3d5f01e69ed11656d2c7c47bf34327ea9bfb5c85c7de787fcd7b6c5e45b61"
dependencies = [
 "capnp",
]

[[package]]
name = "capnpc-ocaml-decoder"
version = "0.1.0"
dependencies = [
 "capnp",
 "capnpc",
 "lazy_static",
]

[[package]]
name = "embedded-io"
version = "0.6.1"
source = "registry+https://github.com/rust-lang/crates.io-index"
checksum = "edd0f118536f44f5ccd48bcb8b111bdc3de888b58c74639dfb034a357d0f206d"

[[package]]
name = "lazy_static"
version = "1.5.0"
source = "registry+https://github.com/rust-lang/crates.io-index"
checksum = "bbd2bcb4c963f2ddae06a2efc7e9f3591312473c50c6685e1f298068316e66fe"
