{
  "nodes": {
    "flake-utils": {
      "inputs": {
        "systems": "systems"
      },
      "locked": {
        "lastModified": 1731533236,
        "narHash": "sha256-l0KFg5HjrsfsO/JpG+r7fRrqm12kzFHyUHqHCVpMMbI=",
        "owner": "numtide",
        "repo": "flake-utils",
        "rev": "11707dc2f618dd54ca8739b309ec4fc024de578b",
        "type": "github"
      },
      "original": {
        "owner": "numtide",
        "repo": "flake-utils",
        "type": "github"
      }
    },
    "nixpkgs": {
      "locked": {
        "lastModified": 1791254437,
        "narHash": "sha256-qMSsgG+9tIdx282dMqGuJAUK3t6F36clM6efd0rXfes=",
        "owner": "NixOS",
        "repo": "nixpkgs",
        "rev": "b25309931cfda5f0b8805f462a29897eeae50168",
        "type": "github"
      },
      "original": {
        "owner": "NixOS",
        "ref": "nixos-26.05",
        "repo": "nixpkgs",
        "type": "github"
      }
    },
    "root": {
      "inputs": {
        "flake-utils": "flake-utils",
        "nixpkgs": "nixpkgs",
        "rust-overlay": "rust-overlay",
        "z3_old": "z3_old"
      }
    },
    "rust-overlay": {
      "inputs": {
        "nixpkgs": [
          "nixpkgs"
        ]
      },
      "locked": {
        "lastModified": 1791361643,
        "narHash": "sha256-HMdfSb1ONHs1RbSkQtCXm+tWEsTikisWWtXDnv0aQ+I=",
        "owner": "oxalica",
        "repo": "rust-overlay",
        "rev": "8afee9fa8caa877a4feb65adc33e8d72f3747dc9",
        "type": "github"
      },
      "original": {
        "owner": "oxalica",
        "repo": "rust-overlay",
        "type": "github"
      }
    },
    "systems": {
      "locked": {
        "lastModified": 1681028828,
        "narHash": "sha256-Vy1rq5AaRuLzOxct8nz4T6wlgyUR7zLU309k9mBC768=",
        "owner": "nix-systems",
        "repo": "default",
        "rev": "da67096a3b9bf56a91d16901293e51ba5b49a27e",
        "type": "github"
      },
      "original": {
        "owner": "nix-systems",
        "repo": "default",
        "type": "github"
      }
    },
    "z3_old": {
      "locked": {
        "lastModified": 1742366758,
        "narHash": "sha256-GUxNXcve15tB9GUdZd3V3RB+GkIs1+a4ZxF4LqGekVI=",
        "type": "tarball",
        "url": "https://github.com/NixOS/nixpkgs/archive/60d98a51638fef1419a0df7a5e2728925dc32d28.tar.gz"
      },
      "original": {
        "type": "tarball",
        "url": "https://github.com/NixOS/nixpkgs/archive/60d98a51638fef1419a0df7a5e2728925dc32d28.tar.gz"
      }
    }
  },
  "root": "root",
  "version": 7
}
