# This file is automatically @generated by Cargo.
# It is not intended for manual editing.
version = 4

[[package]]
name = "leaks"
version = "0.1.0"
dependencies = [
 "platform",
 "simple_mutex",
]

[[package]]
name = "libc"
version = "0.2.169"
source = "registry+https://github.com/rust-lang/crates.io-index"
checksum = "b5aba8db14291edd000dfcc4d620c7ebfb122c613afb886ca8803fa4e128a20a"

[[package]]
name = "platform"
version = "0.1.0"
dependencies = [
 "libc",
]

[[package]]
name = "simple_mutex"
version = "0.1.0"
dependencies = [
 "platform",
]
